
Microsoft Visual Studio Solution File, Format Version 12.00
# Visual Studio Version 16
VisualStudioVersion = 16.0.31702.278
MinimumVisualStudioVersion = 10.0.40219.1
Project("{FAE04EC0-301F-11D3-BF4B-00C04F79EFBC}") = "ContosoUniversity", "ContosoUniversity.csproj", "{E84152AB-5F09-44F8-9824-5F89473CB3D3}"
EndProject
Global
	GlobalSection(SolutionConfigurationPlatforms) = preSolution
		Debug|Any CPU = Debug|Any CPU
		Release|Any CPU = Release|Any CPU
	EndGlobalSection
	GlobalSection(ProjectConfigurationPlatforms) = postSolution
		{E84152AB-5F09-44F8-9824-5F89473CB3D3}.Debug|Any CPU.ActiveCfg = Debug|Any CPU
		{E84152AB-5F09-44F8-9824-5F89473CB3D3}.Debug|Any CPU.Build.0 = Debug|Any CPU
		{E84152AB-5F09-44F8-9824-5F89473CB3D3}.Release|Any CPU.ActiveCfg = Release|Any CPU
		{E84152AB-5F09-44F8-9824-5F89473CB3D3}.Release|Any CPU.Build.0 = Release|Any CPU
	EndGlobalSection
	GlobalSection(SolutionProperties) = preSolution
		HideSolutionNode = FALSE
	EndGlobalSection
	GlobalSection(ExtensibilityGlobals) = postSolution
		SolutionGuid = {9B899C2E-CB66-4A73-8E9C-D51153DB59E6}
	EndGlobalSection
EndGlobal
